github.com/elazarl/goproxy v0.0.0-20200710112657-153946a5f232 h1:Ul7d4+sh+oC/QYz1XZ3YRRR6+MNxEvP98jfDiO67seA=
github.com/elazarl/goproxy v0.0.0-20200710112657-153946a5f232/go.mod h1:Ro8st/ElPeALwNFlcTpWmkr6IoMFfkjXAvTHpevnDsM=
github.com/elazarl/goproxy v0.0.0-20200803153952-ec485169a1eb h1:72ezW27Q4wBH6pEPvByLnvqSby5T53BtbWoetF6A5QE=
github.com/elazarl/goproxy v0.0.0-20200803153952-ec485169a1eb/go.mod h1:Ro8st/ElPeALwNFlcTpWmkr6IoMFfkjXAvTHpevnDsM=
github.com/elazarl/goproxy v0.0.0-20200809112317-0581fc3aee2d h1:rtM8HsT3NG37YPjz8sYSbUSdElP9lUsQENYzJDZDUBE=
github.com/elazarl/goproxy v0.0.0-20200809112317-0581fc3aee2d/go.mod h1:Ro8st/ElPeALwNFlcTpWmkr6IoMFfkjXAvTHpevnDsM=
github.com/elazarl/goproxy/ext v0.0.0-20190711103511-473e67f1d7d2 h1:dWB6v3RcOy03t/bUadywsbyrQwCqZeNIEX6M1OtSZOM=
github.com/elazarl/goproxy/ext v0.0.0-20190711103511-473e67f1d7d2/go.mod h1:gNh8nYJoAm43RfaxurUnxr+N1PwuFV3ZMl/efxlIlY8=
github.com/rogpeppe/go-charset v0.0.0-20180617210344-2471d30d28b4/go.mod h1:qgYeAmZ5ZIpBWTGllZSQnw97Dj+woV0toclVaRGI8pc=
